
Microsoft Visual Studio Solution File, Format Version 12.00
# Visual Studio Version 17
VisualStudioVersion = 17.6.33815.320
MinimumVisualStudioVersion = 10.0.40219.1
Project("{9A19103F-16F7-4668-BE54-9A1E7A4F7556}") = "OutfitsPresets", "OutfitsPresets\OutfitsPresets.csproj", "{11FBC798-BAF5-4EE5-9511-BE6DB0592F99}"
	ProjectSection(ProjectDependencies) = postProject
		{ED849A61-4E25-4D6E-A070-E0E508920919} = {ED849A61-4E25-4D6E-A070-E0E508920919}
	EndProjectSection
EndProject
Global
	GlobalSection(SolutionConfigurationPlatforms) = preSolution
		Debug|Any CPU = Debug|Any CPU
		Release|Any CPU = Release|Any CPU
	EndGlobalSection
	GlobalSection(ProjectConfigurationPlatforms) = postSolution
		{11FBC798-BAF5-4EE5-9511-BE6DB0592F99}.Debug|Any CPU.ActiveCfg = Debug|Any CPU
		{11FBC798-BAF5-4EE5-9511-BE6DB0592F99}.Debug|Any CPU.Build.0 = Debug|Any CPU
		{11FBC798-BAF5-4EE5-9511-BE6DB0592F99}.Release|Any CPU.ActiveCfg = Release|Any CPU
		{11FBC798-BAF5-4EE5-9511-BE6DB0592F99}.Release|Any CPU.Build.0 = Release|Any CPU
		{ED849A61-4E25-4D6E-A070-E0E508920919}.Debug|Any CPU.ActiveCfg = Debug|Any CPU
		{ED849A61-4E25-4D6E-A070-E0E508920919}.Debug|Any CPU.Build.0 = Debug|Any CPU
		{ED849A61-4E25-4D6E-A070-E0E508920919}.Release|Any CPU.ActiveCfg = Release|Any CPU
		{ED849A61-4E25-4D6E-A070-E0E508920919}.Release|Any CPU.Build.0 = Release|Any CPU
	EndGlobalSection
	GlobalSection(SolutionProperties) = preSolution
		HideSolutionNode = FALSE
	EndGlobalSection
	GlobalSection(ExtensibilityGlobals) = postSolution
		SolutionGuid = {748BEDA2-D1B9-430C-94A4-9F55BB009436}
	EndGlobalSection
EndGlobal
